
Microsoft Visual Studio Solution File, Format Version 12.00
# Visual Studio Version 16
VisualStudioVersion = 16.0.30804.86
MinimumVisualStudioVersion = 10.0.40219.1
Project("{FAE04EC0-301F-11D3-BF4B-00C04F79EFBC}") = "WebApplication1", "WebApplication1\WebApplication1.csproj", "{65AA6367-8759-40D5-ACBE-8C3C77E0CEB9}"
EndProject
Global
	GlobalSection(SolutionConfigurationPlatforms) = preSolution
		Debug|Any CPU = Debug|Any CPU
		Release|Any CPU = Release|Any CPU
	EndGlobalSection
	GlobalSection(ProjectConfigurationPlatforms) = postSolution
		{65AA6367-8759-40D5-ACBE-8C3C77E0CEB9}.Debug|Any CPU.ActiveCfg = Debug|Any CPU
		{65AA6367-8759-40D5-ACBE-8C3C77E0CEB9}.Debug|Any CPU.Build.0 = Debug|Any CPU
		{65AA6367-8759-40D5-ACBE-8C3C77E0CEB9}.Release|Any CPU.ActiveCfg = Release|Any CPU
		{65AA6367-8759-40D5-ACBE-8C3C77E0CEB9}.Release|Any CPU.Build.0 = Release|Any CPU
	EndGlobalSection
	GlobalSection(SolutionProperties) = preSolution
		HideSolutionNode = FALSE
	EndGlobalSection
	GlobalSection(ExtensibilityGlobals) = postSolution
		SolutionGuid = {CB7FF732-2EB2-44F4-A4D0-C158B4C93EE6}
	EndGlobalSection
EndGlobal
